
Microsoft Visual Studio Solution File, Format Version 11.00
# Visual C# Express 2010
Project("{FAE04EC0-301F-11D3-BF4B-00C04F79EFBC}") = "R2D2", "R2D2\R2D2.csproj", "{A161E8B3-24CA-419C-BE6D-C8938C27F905}"
EndProject
Global
	GlobalSection(SolutionConfigurationPlatforms) = preSolution
		Debug|Any CPU = Debug|Any CPU
		Release|Any CPU = Release|Any CPU
	EndGlobalSection
	GlobalSection(ProjectConfigurationPlatforms) = postSolution
		{A161E8B3-24CA-419C-BE6D-C8938C27F905}.Debug|Any CPU.ActiveCfg = Debug|Any CPU
		{A161E8B3-24CA-419C-BE6D-C8938C27F905}.Debug|Any CPU.Build.0 = Debug|Any CPU
		{A161E8B3-24CA-419C-BE6D-C8938C27F905}.Release|Any CPU.ActiveCfg = Release|Any CPU
		{A161E8B3-24CA-419C-BE6D-C8938C27F905}.Release|Any CPU.Build.0 = Release|Any CPU
	EndGlobalSection
	GlobalSection(SolutionProperties) = preSolution
		HideSolutionNode = FALSE
	EndGlobalSection
EndGlobal
